
Microsoft Visual Studio Solution File, Format Version 12.00
# Visual Studio Version 17
VisualStudioVersion = 17.7.34024.191
MinimumVisualStudioVersion = 10.0.40219.1
Project("{8BC9CEB8-8B4A-11D0-8D11-00A0C91BC942}") = "GamblingAddiction", "GamblingAddiction\GamblingAddiction.vcxproj", "{A638018F-58A4-413D-BF7B-8A78263F3925}"
EndProject
Global
	GlobalSection(SolutionConfigurationPlatforms) = preSolution
		Debug|x64 = Debug|x64
		Debug|x86 = Debug|x86
		Release|x64 = Release|x64
		Release|x86 = Release|x86
	EndGlobalSection
	GlobalSection(ProjectConfigurationPlatforms) = postSolution
		{A638018F-58A4-413D-BF7B-8A78263F3925}.Debug|x64.ActiveCfg = Debug|x64
		{A638018F-58A4-413D-BF7B-8A78263F3925}.Debug|x64.Build.0 = Debug|x64
		{A638018F-58A4-413D-BF7B-8A78263F3925}.Debug|x86.ActiveCfg = Debug|Win32
		{A638018F-58A4-413D-BF7B-8A78263F3925}.Debug|x86.Build.0 = Debug|Win32
		{A638018F-58A4-413D-BF7B-8A78263F3925}.Release|x64.ActiveCfg = Release|x64
		{A638018F-58A4-413D-BF7B-8A78263F3925}.Release|x64.Build.0 = Release|x64
		{A638018F-58A4-413D-BF7B-8A78263F3925}.Release|x86.ActiveCfg = Release|Win32
		{A638018F-58A4-413D-BF7B-8A78263F3925}.Release|x86.Build.0 = Release|Win32
	EndGlobalSection
	GlobalSection(SolutionProperties) = preSolution
		HideSolutionNode = FALSE
	EndGlobalSection
	GlobalSection(ExtensibilityGlobals) = postSolution
		SolutionGuid = {86D90220-99CE-4566-A933-99A7C8A501EF}
	EndGlobalSection
EndGlobal
